
Microsoft Visual Studio Solution File, Format Version 12.00
# Visual Studio Version 16
VisualStudioVersion = 16.0.30320.27
MinimumVisualStudioVersion = 10.0.40219.1
Project("{FAE04EC0-301F-11D3-BF4B-00C04F79EFBC}") = "Disco Elysium Text Tool", "Disco Elysium Text Tool\Disco Elysium Text Tool.csproj", "{0F40C4FB-78FC-4F42-AA52-B575BB6D706A}"
EndProject
Global
	GlobalSection(SolutionConfigurationPlatforms) = preSolution
		Debug|Any CPU = Debug|Any CPU
		Release|Any CPU = Release|Any CPU
	EndGlobalSection
	GlobalSection(ProjectConfigurationPlatforms) = postSolution
		{0F40C4FB-78FC-4F42-AA52-B575BB6D706A}.Debug|Any CPU.ActiveCfg = Debug|Any CPU
		{0F40C4FB-78FC-4F42-AA52-B575BB6D706A}.Debug|Any CPU.Build.0 = Debug|Any CPU
		{0F40C4FB-78FC-4F42-AA52-B575BB6D706A}.Release|Any CPU.ActiveCfg = Release|Any CPU
		{0F40C4FB-78FC-4F42-AA52-B575BB6D706A}.Release|Any CPU.Build.0 = Release|Any CPU
	EndGlobalSection
	GlobalSection(SolutionProperties) = preSolution
		HideSolutionNode = FALSE
	EndGlobalSection
	GlobalSection(ExtensibilityGlobals) = postSolution
		SolutionGuid = {CE92DDC4-4BF0-49B6-A95E-9E3810B54618}
	EndGlobalSection
EndGlobal
